
Microsoft Visual Studio Solution File, Format Version 12.00
# Visual Studio 15
VisualStudioVersion = 15.0.28010.2048
MinimumVisualStudioVersion = 10.0.40219.1
Project("{FAE04EC0-301F-11D3-BF4B-00C04F79EFBC}") = "W5XD-antennas", "W5XD-antennas.csproj", "{B4D14D41-62FD-4A7F-BB5D-57B0CA8CE5F7}"
EndProject
Project("{FAE04EC0-301F-11D3-BF4B-00C04F79EFBC}") = "W5XD_antennas_shortcuts", "W5XD_antennas_shortcuts\W5XD_antennas_shortcuts.csproj", "{143BC1FC-C7CF-4E24-A930-132F74AB6C34}"
EndProject
Global
	GlobalSection(SolutionConfigurationPlatforms) = preSolution
		Debug|Any CPU = Debug|Any CPU
		Release|Any CPU = Release|Any CPU
	EndGlobalSection
	GlobalSection(ProjectConfigurationPlatforms) = postSolution
		{B4D14D41-62FD-4A7F-BB5D-57B0CA8CE5F7}.Debug|Any CPU.ActiveCfg = Debug|Any CPU
		{B4D14D41-62FD-4A7F-BB5D-57B0CA8CE5F7}.Debug|Any CPU.Build.0 = Debug|Any CPU
		{B4D14D41-62FD-4A7F-BB5D-57B0CA8CE5F7}.Release|Any CPU.ActiveCfg = Release|Any CPU
		{B4D14D41-62FD-4A7F-BB5D-57B0CA8CE5F7}.Release|Any CPU.Build.0 = Release|Any CPU
		{143BC1FC-C7CF-4E24-A930-132F74AB6C34}.Debug|Any CPU.ActiveCfg = Debug|Any CPU
		{143BC1FC-C7CF-4E24-A930-132F74AB6C34}.Debug|Any CPU.Build.0 = Debug|Any CPU
		{143BC1FC-C7CF-4E24-A930-132F74AB6C34}.Release|Any CPU.ActiveCfg = Release|Any CPU
		{143BC1FC-C7CF-4E24-A930-132F74AB6C34}.Release|Any CPU.Build.0 = Release|Any CPU
	EndGlobalSection
	GlobalSection(SolutionProperties) = preSolution
		HideSolutionNode = FALSE
	EndGlobalSection
	GlobalSection(ExtensibilityGlobals) = postSolution
		SolutionGuid = {61B3D20D-0CE2-42D3-9C33-256531B6266E}
	EndGlobalSection
EndGlobal
